
Microsoft Visual Studio Solution File, Format Version 12.00
# Visual Studio Version 17
VisualStudioVersion = 17.3.32901.215
MinimumVisualStudioVersion = 10.0.40219.1
Project("{9A19103F-16F7-4668-BE54-9A1E7A4F7556}") = "TUI", "TUI\TUI.csproj", "{64B9C632-B1D6-4DD2-A763-4437F92E1ADB}"
EndProject
Project("{9A19103F-16F7-4668-BE54-9A1E7A4F7556}") = "TUIPlugin", "TUIPlugin\TUIPlugin.csproj", "{FCFE5D2B-8AD3-465F-A606-48A4C2228787}"
	ProjectSection(ProjectDependencies) = postProject
		{64B9C632-B1D6-4DD2-A763-4437F92E1ADB} = {64B9C632-B1D6-4DD2-A763-4437F92E1ADB}
	EndProjectSection
EndProject
Project("{9A19103F-16F7-4668-BE54-9A1E7A4F7556}") = "TUIExample", "TUIExample\TUIExample.csproj", "{A58CCADB-6C89-403B-9457-2121E4699F46}"
	ProjectSection(ProjectDependencies) = postProject
		{FCFE5D2B-8AD3-465F-A606-48A4C2228787} = {FCFE5D2B-8AD3-465F-A606-48A4C2228787}
		{64B9C632-B1D6-4DD2-A763-4437F92E1ADB} = {64B9C632-B1D6-4DD2-A763-4437F92E1ADB}
	EndProjectSection
EndProject
Project("{9A19103F-16F7-4668-BE54-9A1E7A4F7556}") = "TUIPlusTEdit", "TUIPlusTEdit\TUIPlusTEdit.csproj", "{36973E85-C704-4637-98A5-1BB68D398F86}"
EndProject
Project("{9A19103F-16F7-4668-BE54-9A1E7A4F7556}") = "TUIPlusWorldEdit", "TUIPlusWorldEdit\TUIPlusWorldEdit.csproj", "{0687BF94-6556-44EF-8C61-3DE9E4BF5B58}"
EndProject
Project("{9A19103F-16F7-4668-BE54-9A1E7A4F7556}") = "TUIPlusFakeProvider", "TUIPlusFakeProvider\TUIPlusFakeProvider.csproj", "{A56F8AA8-6AF9-4C66-A9FF-7DD2D4DB9128}"
EndProject
Global
	GlobalSection(SolutionConfigurationPlatforms) = preSolution
		Debug|Any CPU = Debug|Any CPU
		Release|Any CPU = Release|Any CPU
	EndGlobalSection
	GlobalSection(ProjectConfigurationPlatforms) = postSolution
		{64B9C632-B1D6-4DD2-A763-4437F92E1ADB}.Debug|Any CPU.ActiveCfg = Debug|Any CPU
		{64B9C632-B1D6-4DD2-A763-4437F92E1ADB}.Debug|Any CPU.Build.0 = Debug|Any CPU
		{64B9C632-B1D6-4DD2-A763-4437F92E1ADB}.Release|Any CPU.ActiveCfg = Release|Any CPU
		{64B9C632-B1D6-4DD2-A763-4437F92E1ADB}.Release|Any CPU.Build.0 = Release|Any CPU
		{FCFE5D2B-8AD3-465F-A606-48A4C2228787}.Debug|Any CPU.ActiveCfg = Debug|Any CPU
		{FCFE5D2B-8AD3-465F-A606-48A4C2228787}.Debug|Any CPU.Build.0 = Debug|Any CPU
		{FCFE5D2B-8AD3-465F-A606-48A4C2228787}.Release|Any CPU.ActiveCfg = Release|Any CPU
		{FCFE5D2B-8AD3-465F-A606-48A4C2228787}.Release|Any CPU.Build.0 = Release|Any CPU
		{A58CCADB-6C89-403B-9457-2121E4699F46}.Debug|Any CPU.ActiveCfg = Debug|Any CPU
		{A58CCADB-6C89-403B-9457-2121E4699F46}.Debug|Any CPU.Build.0 = Debug|Any CPU
		{A58CCADB-6C89-403B-9457-2121E4699F46}.Release|Any CPU.ActiveCfg = Release|Any CPU
		{A58CCADB-6C89-403B-9457-2121E4699F46}.Release|Any CPU.Build.0 = Release|Any CPU
		{36973E85-C704-4637-98A5-1BB68D398F86}.Debug|Any CPU.ActiveCfg = Debug|Any CPU
		{36973E85-C704-4637-98A5-1BB68D398F86}.Debug|Any CPU.Build.0 = Debug|Any CPU
		{36973E85-C704-4637-98A5-1BB68D398F86}.Release|Any CPU.ActiveCfg = Release|Any CPU
		{36973E85-C704-4637-98A5-1BB68D398F86}.Release|Any CPU.Build.0 = Release|Any CPU
		{0687BF94-6556-44EF-8C61-3DE9E4BF5B58}.Debug|Any CPU.ActiveCfg = Debug|Any CPU
		{0687BF94-6556-44EF-8C61-3DE9E4BF5B58}.Debug|Any CPU.Build.0 = Debug|Any CPU
		{0687BF94-6556-44EF-8C61-3DE9E4BF5B58}.Release|Any CPU.ActiveCfg = Release|Any CPU
		{0687BF94-6556-44EF-8C61-3DE9E4BF5B58}.Release|Any CPU.Build.0 = Release|Any CPU
		{A56F8AA8-6AF9-4C66-A9FF-7DD2D4DB9128}.Debug|Any CPU.ActiveCfg = Debug|Any CPU
		{A56F8AA8-6AF9-4C66-A9FF-7DD2D4DB9128}.Debug|Any CPU.Build.0 = Debug|Any CPU
		{A56F8AA8-6AF9-4C66-A9FF-7DD2D4DB9128}.Release|Any CPU.ActiveCfg = Release|Any CPU
		{A56F8AA8-6AF9-4C66-A9FF-7DD2D4DB9128}.Release|Any CPU.Build.0 = Release|Any CPU
	EndGlobalSection
	GlobalSection(SolutionProperties) = preSolution
		HideSolutionNode = FALSE
	EndGlobalSection
	GlobalSection(ExtensibilityGlobals) = postSolution
		SolutionGuid = {ED02A1D9-5276-46DA-986B-65D2855A4459}
	EndGlobalSection
EndGlobal
