
Microsoft Visual Studio Solution File, Format Version 12.00
# Visual Studio 15
VisualStudioVersion = 15.0.26430.15
MinimumVisualStudioVersion = 10.0.40219.1
Project("{FAE04EC0-301F-11D3-BF4B-00C04F79EFBC}") = "TUI", "TUI\TUI.csproj", "{64B9C632-B1D6-4DD2-A763-4437F92E1ADB}"
EndProject
Project("{FAE04EC0-301F-11D3-BF4B-00C04F79EFBC}") = "TUITests", "TUITests\TUITests.csproj", "{C9CD57C9-0285-46F6-9013-3C8BFDCA137D}"
	ProjectSection(ProjectDependencies) = postProject
		{64B9C632-B1D6-4DD2-A763-4437F92E1ADB} = {64B9C632-B1D6-4DD2-A763-4437F92E1ADB}
	EndProjectSection
EndProject
Project("{FAE04EC0-301F-11D3-BF4B-00C04F79EFBC}") = "TUIPlugin", "TUIPlugin\TUIPlugin.csproj", "{FCFE5D2B-8AD3-465F-A606-48A4C2228787}"
EndProject
Global
	GlobalSection(SolutionConfigurationPlatforms) = preSolution
		Debug|Any CPU = Debug|Any CPU
		Release|Any CPU = Release|Any CPU
	EndGlobalSection
	GlobalSection(ProjectConfigurationPlatforms) = postSolution
		{64B9C632-B1D6-4DD2-A763-4437F92E1ADB}.Debug|Any CPU.ActiveCfg = Debug|Any CPU
		{64B9C632-B1D6-4DD2-A763-4437F92E1ADB}.Debug|Any CPU.Build.0 = Debug|Any CPU
		{64B9C632-B1D6-4DD2-A763-4437F92E1ADB}.Release|Any CPU.ActiveCfg = Release|Any CPU
		{64B9C632-B1D6-4DD2-A763-4437F92E1ADB}.Release|Any CPU.Build.0 = Release|Any CPU
		{C9CD57C9-0285-46F6-9013-3C8BFDCA137D}.Debug|Any CPU.ActiveCfg = Debug|Any CPU
		{C9CD57C9-0285-46F6-9013-3C8BFDCA137D}.Debug|Any CPU.Build.0 = Debug|Any CPU
		{C9CD57C9-0285-46F6-9013-3C8BFDCA137D}.Release|Any CPU.ActiveCfg = Release|Any CPU
		{C9CD57C9-0285-46F6-9013-3C8BFDCA137D}.Release|Any CPU.Build.0 = Release|Any CPU
		{FCFE5D2B-8AD3-465F-A606-48A4C2228787}.Debug|Any CPU.ActiveCfg = Debug|Any CPU
		{FCFE5D2B-8AD3-465F-A606-48A4C2228787}.Debug|Any CPU.Build.0 = Debug|Any CPU
		{FCFE5D2B-8AD3-465F-A606-48A4C2228787}.Release|Any CPU.ActiveCfg = Release|Any CPU
		{FCFE5D2B-8AD3-465F-A606-48A4C2228787}.Release|Any CPU.Build.0 = Release|Any CPU
	EndGlobalSection
	GlobalSection(SolutionProperties) = preSolution
		HideSolutionNode = FALSE
	EndGlobalSection
	GlobalSection(ExtensibilityGlobals) = postSolution
		SolutionGuid = {ED02A1D9-5276-46DA-986B-65D2855A4459}
	EndGlobalSection
EndGlobal
